// !$*UTF8*$!
{
	archiveVersion = 1;
	classes = {
	};
	objectVersion = 46;
	objects = {

/* Begin PBXBuildFile section */
		B23BE8881A6AA93800FA3DB9 /* ArticleOriginalViewController.swift in Sources */ = {isa = PBXBuildFile; fileRef = B23BE8871A6AA93800FA3DB9 /* ArticleOriginalViewController.swift */; };
		B2446C8B1A705326003566FE /* TableViewCells.swift in Sources */ = {isa = PBXBuildFile; fileRef = B2446C8A1A705326003566FE /* TableViewCells.swift */; };
		B24DA1BC1A6AE641000B3979 /* ArticleCommentViewController.swift in Sources */ = {isa = PBXBuildFile; fileRef = B24DA1BB1A6AE641000B3979 /* ArticleCommentViewController.swift */; };
		B26290721A7022C10046E427 /* Settings.bundle in Resources */ = {isa = PBXBuildFile; fileRef = B26290711A7022C10046E427 /* Settings.bundle */; };
		B264F99B1A6FE2E500D6251C /* Alamofire.framework in CopyFiles */ = {isa = PBXBuildFile; fileRef = B264F9911A6FE2AA00D6251C /* Alamofire.framework */; settings = {ATTRIBUTES = (CodeSignOnCopy, RemoveHeadersOnCopy, ); }; };
		B28568801A6BBB1500883CB7 /* ArticleCommentTableCell.swift in Sources */ = {isa = PBXBuildFile; fileRef = B285687F1A6BBB1500883CB7 /* ArticleCommentTableCell.swift */; };
		B29697D41A7033B6003E158B /* LeftSideTableViewController.swift in Sources */ = {isa = PBXBuildFile; fileRef = B29697D31A7033B6003E158B /* LeftSideTableViewController.swift */; };
		B2A4C6F01A6979BE00179A37 /* RightSideTableViewController.swift in Sources */ = {isa = PBXBuildFile; fileRef = B2A4C6EF1A6979BE00179A37 /* RightSideTableViewController.swift */; };
		B2B45F061A62C97A00420CBF /* ArticleDetailViewController.swift in Sources */ = {isa = PBXBuildFile; fileRef = B2B45F051A62C97A00420CBF /* ArticleDetailViewController.swift */; };
		B2C58EB31A70406B009C8101 /* ContainerViewController.swift in Sources */ = {isa = PBXBuildFile; fileRef = B2C58EB21A70406B009C8101 /* ContainerViewController.swift */; };
		B2F1D22E1A6BACB4006BDE69 /* ArticleTableCell.swift in Sources */ = {isa = PBXBuildFile; fileRef = B2F1D22D1A6BACB4006BDE69 /* ArticleTableCell.swift */; };
		B2FBE5E71A5922040055C95D /* AppDelegate.swift in Sources */ = {isa = PBXBuildFile; fileRef = B2FBE5E61A5922040055C95D /* AppDelegate.swift */; };
		B2FBE5EA1A5922040055C95D /* Kuaidula.xcdatamodeld in Sources */ = {isa = PBXBuildFile; fileRef = B2FBE5E81A5922040055C95D /* Kuaidula.xcdatamodeld */; };
		B2FBE5EC1A5922040055C95D /* ViewController.swift in Sources */ = {isa = PBXBuildFile; fileRef = B2FBE5EB1A5922040055C95D /* ViewController.swift */; };
		B2FBE5EF1A5922040055C95D /* Main.storyboard in Resources */ = {isa = PBXBuildFile; fileRef = B2FBE5ED1A5922040055C95D /* Main.storyboard */; };
		B2FBE5F11A5922040055C95D /* Images.xcassets in Resources */ = {isa = PBXBuildFile; fileRef = B2FBE5F01A5922040055C95D /* Images.xcassets */; };
		B2FBE5F41A5922040055C95D /* LaunchScreen.xib in Resources */ = {isa = PBXBuildFile; fileRef = B2FBE5F21A5922040055C95D /* LaunchScreen.xib */; };
		B2FBE6001A5922040055C95D /* KuaidulaTests.swift in Sources */ = {isa = PBXBuildFile; fileRef = B2FBE5FF1A5922040055C95D /* KuaidulaTests.swift */; };
/* End PBXBuildFile section */

/* Begin PBXContainerItemProxy section */
		B264F9901A6FE2AA00D6251C /* PBXContainerItemProxy */ = {
			isa = PBXContainerItemProxy;
			containerPortal = B264F98A1A6FE2AA00D6251C /* Alamofire.xcodeproj */;
			proxyType = 2;
			remoteGlobalIDString = F8111E3319A95C8B0040E7D1;
			remoteInfo = "Alamofire iOS";
		};
		B264F9921A6FE2AA00D6251C /* PBXContainerItemProxy */ = {
			isa = PBXContainerItemProxy;
			containerPortal = B264F98A1A6FE2AA00D6251C /* Alamofire.xcodeproj */;
			proxyType = 2;
			remoteGlobalIDString = 4DD67C0B1A5C55C900ED2280;
			remoteInfo = "Alamofire OSX";
		};
		B264F9941A6FE2AA00D6251C /* PBXContainerItemProxy */ = {
			isa = PBXContainerItemProxy;
			containerPortal = B264F98A1A6FE2AA00D6251C /* Alamofire.xcodeproj */;
			proxyType = 2;
			remoteGlobalIDString = F8111E3E19A95C8B0040E7D1;
			remoteInfo = AlamofireTests;
		};
		B264F9961A6FE2D000D6251C /* PBXContainerItemProxy */ = {
			isa = PBXContainerItemProxy;
			containerPortal = B264F98A1A6FE2AA00D6251C /* Alamofire.xcodeproj */;
			proxyType = 1;
			remoteGlobalIDString = F8111E3219A95C8B0040E7D1;
			remoteInfo = "Alamofire iOS";
		};
		B264F9981A6FE2D200D6251C /* PBXContainerItemProxy */ = {
			isa = PBXContainerItemProxy;
			containerPortal = B264F98A1A6FE2AA00D6251C /* Alamofire.xcodeproj */;
			proxyType = 1;
			remoteGlobalIDString = F8111E3D19A95C8B0040E7D1;
			remoteInfo = AlamofireTests;
		};
		B2FBE5FA1A5922040055C95D /* PBXContainerItemProxy */ = {
			isa = PBXContainerItemProxy;
			containerPortal = B2FBE5D91A5922030055C95D /* Project object */;
			proxyType = 1;
			remoteGlobalIDString = B2FBE5E01A5922030055C95D;
			remoteInfo = Kuaidula;
		};
/* End PBXContainerItemProxy section */

/* Begin PBXCopyFilesBuildPhase section */
		B264F99A1A6FE2DA00D6251C /* CopyFiles */ = {
			isa = PBXCopyFilesBuildPhase;
			buildActionMask = 2147483647;
			dstPath = "";
			dstSubfolderSpec = 10;
			files = (
				B264F99B1A6FE2E500D6251C /* Alamofire.framework in CopyFiles */,
			);
			runOnlyForDeploymentPostprocessing = 0;
		};
/* End PBXCopyFilesBuildPhase section */

/* Begin PBXFileReference section */
		B23BE8871A6AA93800FA3DB9 /* ArticleOriginalViewController.swift */ = {isa = PBXFileReference; fileEncoding = 4; lastKnownFileType = sourcecode.swift; path = ArticleOriginalViewController.swift; sourceTree = "<group>"; };
		B2446C8A1A705326003566FE /* TableViewCells.swift */ = {isa = PBXFileReference; fileEncoding = 4; lastKnownFileType = sourcecode.swift; path = TableViewCells.swift; sourceTree = "<group>"; };
		B24DA1BB1A6AE641000B3979 /* ArticleCommentViewController.swift */ = {isa = PBXFileReference; fileEncoding = 4; lastKnownFileType = sourcecode.swift; path = ArticleCommentViewController.swift; sourceTree = "<group>"; };
		B25862681A5C3A87005E7488 /* Kuaidula-Bridging-Header.h */ = {isa = PBXFileReference; lastKnownFileType = sourcecode.c.h; path = "Kuaidula-Bridging-Header.h"; sourceTree = "<group>"; };
		B26290711A7022C10046E427 /* Settings.bundle */ = {isa = PBXFileReference; lastKnownFileType = "wrapper.plug-in"; path = Settings.bundle; sourceTree = "<group>"; };
		B264F98A1A6FE2AA00D6251C /* Alamofire.xcodeproj */ = {isa = PBXFileReference; lastKnownFileType = "wrapper.pb-project"; name = Alamofire.xcodeproj; path = Alamofire/Alamofire.xcodeproj; sourceTree = "<group>"; };
		B27D0A2B1A71F25300E4364C /* 2-add_read.xcdatamodel */ = {isa = PBXFileReference; lastKnownFileType = wrapper.xcdatamodel; path = "2-add_read.xcdatamodel"; sourceTree = "<group>"; };
		B285687F1A6BBB1500883CB7 /* ArticleCommentTableCell.swift */ = {isa = PBXFileReference; fileEncoding = 4; lastKnownFileType = sourcecode.swift; path = ArticleCommentTableCell.swift; sourceTree = "<group>"; };
		B29697D31A7033B6003E158B /* LeftSideTableViewController.swift */ = {isa = PBXFileReference; fileEncoding = 4; lastKnownFileType = sourcecode.swift; path = LeftSideTableViewController.swift; sourceTree = "<group>"; };
		B2A4C6EF1A6979BE00179A37 /* RightSideTableViewController.swift */ = {isa = PBXFileReference; fileEncoding = 4; lastKnownFileType = sourcecode.swift; path = RightSideTableViewController.swift; sourceTree = "<group>"; };
		B2B45F051A62C97A00420CBF /* ArticleDetailViewController.swift */ = {isa = PBXFileReference; fileEncoding = 4; lastKnownFileType = sourcecode.swift; path = ArticleDetailViewController.swift; sourceTree = "<group>"; };
		B2C58EB21A70406B009C8101 /* ContainerViewController.swift */ = {isa = PBXFileReference; fileEncoding = 4; lastKnownFileType = sourcecode.swift; path = ContainerViewController.swift; sourceTree = "<group>"; };
		B2F1D22D1A6BACB4006BDE69 /* ArticleTableCell.swift */ = {isa = PBXFileReference; fileEncoding = 4; lastKnownFileType = sourcecode.swift; path = ArticleTableCell.swift; sourceTree = "<group>"; };
		B2FBE5E11A5922030055C95D /* Kuaidula.app */ = {isa = PBXFileReference; explicitFileType = wrapper.application; includeInIndex = 0; path = Kuaidula.app; sourceTree = BUILT_PRODUCTS_DIR; };
		B2FBE5E51A5922040055C95D /* Info.plist */ = {isa = PBXFileReference; lastKnownFileType = text.plist.xml; path = Info.plist; sourceTree = "<group>"; };
		B2FBE5E61A5922040055C95D /* AppDelegate.swift */ = {isa = PBXFileReference; lastKnownFileType = sourcecode.swift; path = AppDelegate.swift; sourceTree = "<group>"; };
		B2FBE5E91A5922040055C95D /* Kuaidula.xcdatamodel */ = {isa = PBXFileReference; lastKnownFileType = wrapper.xcdatamodel; path = Kuaidula.xcdatamodel; sourceTree = "<group>"; };
		B2FBE5EB1A5922040055C95D /* ViewController.swift */ = {isa = PBXFileReference; lastKnownFileType = sourcecode.swift; path = ViewController.swift; sourceTree = "<group>"; };
		B2FBE5EE1A5922040055C95D /* Base */ = {isa = PBXFileReference; lastKnownFileType = file.storyboard; name = Base; path = Base.lproj/Main.storyboard; sourceTree = "<group>"; };
		B2FBE5F01A5922040055C95D /* Images.xcassets */ = {isa = PBXFileReference; lastKnownFileType = folder.assetcatalog; path = Images.xcassets; sourceTree = "<group>"; };
		B2FBE5F31A5922040055C95D /* Base */ = {isa = PBXFileReference; lastKnownFileType = file.xib; name = Base; path = Base.lproj/LaunchScreen.xib; sourceTree = "<group>"; };
		B2FBE5F91A5922040055C95D /* KuaidulaTests.xctest */ = {isa = PBXFileReference; explicitFileType = wrapper.cfbundle; includeInIndex = 0; path = KuaidulaTests.xctest; sourceTree = BUILT_PRODUCTS_DIR; };
		B2FBE5FE1A5922040055C95D /* Info.plist */ = {isa = PBXFileReference; lastKnownFileType = text.plist.xml; path = Info.plist; sourceTree = "<group>"; };
		B2FBE5FF1A5922040055C95D /* KuaidulaTests.swift */ = {isa = PBXFileReference; lastKnownFileType = sourcecode.swift; path = KuaidulaTests.swift; sourceTree = "<group>"; };
/* End PBXFileReference section */

/* Begin PBXFrameworksBuildPhase section */
		B2FBE5DE1A5922030055C95D /* Frameworks */ = {
			isa = PBXFrameworksBuildPhase;
			buildActionMask = 2147483647;
			files = (
			);
			runOnlyForDeploymentPostprocessing = 0;
		};
		B2FBE5F61A5922040055C95D /* Frameworks */ = {
			isa = PBXFrameworksBuildPhase;
			buildActionMask = 2147483647;
			files = (
			);
			runOnlyForDeploymentPostprocessing = 0;
		};
/* End PBXFrameworksBuildPhase section */

/* Begin PBXGroup section */
		B264F98B1A6FE2AA00D6251C /* Products */ = {
			isa = PBXGroup;
			children = (
				B264F9911A6FE2AA00D6251C /* Alamofire.framework */,
				B264F9931A6FE2AA00D6251C /* Alamofire.framework */,
				B264F9951A6FE2AA00D6251C /* AlamofireTests.xctest */,
			);
			name = Products;
			sourceTree = "<group>";
		};
		B2FBE5D81A5922030055C95D = {
			isa = PBXGroup;
			children = (
				B264F98A1A6FE2AA00D6251C /* Alamofire.xcodeproj */,
				B2FBE5E31A5922030055C95D /* Kuaidula */,
				B2FBE5FC1A5922040055C95D /* KuaidulaTests */,
				B2FBE5E21A5922030055C95D /* Products */,
			);
			sourceTree = "<group>";
		};
		B2FBE5E21A5922030055C95D /* Products */ = {
			isa = PBXGroup;
			children = (
				B2FBE5E11A5922030055C95D /* Kuaidula.app */,
				B2FBE5F91A5922040055C95D /* KuaidulaTests.xctest */,
			);
			name = Products;
			sourceTree = "<group>";
		};
		B2FBE5E31A5922030055C95D /* Kuaidula */ = {
			isa = PBXGroup;
			children = (
				B25862681A5C3A87005E7488 /* Kuaidula-Bridging-Header.h */,
				B2FBE5E61A5922040055C95D /* AppDelegate.swift */,
				B2C58EB21A70406B009C8101 /* ContainerViewController.swift */,
				B2FBE5EB1A5922040055C95D /* ViewController.swift */,
				B2B45F051A62C97A00420CBF /* ArticleDetailViewController.swift */,
				B23BE8871A6AA93800FA3DB9 /* ArticleOriginalViewController.swift */,
				B24DA1BB1A6AE641000B3979 /* ArticleCommentViewController.swift */,
				B2FBE5ED1A5922040055C95D /* Main.storyboard */,
				B2F1D22D1A6BACB4006BDE69 /* ArticleTableCell.swift */,
				B285687F1A6BBB1500883CB7 /* ArticleCommentTableCell.swift */,
				B2FBE5F01A5922040055C95D /* Images.xcassets */,
				B2FBE5F21A5922040055C95D /* LaunchScreen.xib */,
				B2FBE5E81A5922040055C95D /* Kuaidula.xcdatamodeld */,
				B26290711A7022C10046E427 /* Settings.bundle */,
				B2FBE5E41A5922040055C95D /* Supporting Files */,
				B29697D31A7033B6003E158B /* LeftSideTableViewController.swift */,
				B2A4C6EF1A6979BE00179A37 /* RightSideTableViewController.swift */,
				B2446C8A1A705326003566FE /* TableViewCells.swift */,
			);
			path = Kuaidula;
			sourceTree = "<group>";
		};
		B2FBE5E41A5922040055C95D /* Supporting Files */ = {
			isa = PBXGroup;
			children = (
				B2FBE5E51A5922040055C95D /* Info.plist */,
			);
			name = "Supporting Files";
			sourceTree = "<group>";
		};
		B2FBE5FC1A5922040055C95D /* KuaidulaTests */ = {
			isa = PBXGroup;
			children = (
				B2FBE5FF1A5922040055C95D /* KuaidulaTests.swift */,
				B2FBE5FD1A5922040055C95D /* Supporting Files */,
			);
			path = KuaidulaTests;
			sourceTree = "<group>";
		};
		B2FBE5FD1A5922040055C95D /* Supporting Files */ = {
			isa = PBXGroup;
			children = (
				B2FBE5FE1A5922040055C95D /* Info.plist */,
			);
			name = "Supporting Files";
			sourceTree = "<group>";
		};
/* End PBXGroup section */

/* Begin PBXNativeTarget section */
		B2FBE5E01A5922030055C95D /* Kuaidula */ = {
			isa = PBXNativeTarget;
			buildConfigurationList = B2FBE6031A5922040055C95D /* Build configuration list for PBXNativeTarget "Kuaidula" */;
			buildPhases = (
				B2FBE5DD1A5922030055C95D /* Sources */,
				B2FBE5DE1A5922030055C95D /* Frameworks */,
				B2FBE5DF1A5922030055C95D /* Resources */,
				B264F99A1A6FE2DA00D6251C /* CopyFiles */,
			);
			buildRules = (
			);
			dependencies = (
				B264F9991A6FE2D200D6251C /* PBXTargetDependency */,
				B264F9971A6FE2D000D6251C /* PBXTargetDependency */,
			);
			name = Kuaidula;
			productName = Kuaidula;
			productReference = B2FBE5E11A5922030055C95D /* Kuaidula.app */;
			productType = "com.apple.product-type.application";
		};
		B2FBE5F81A5922040055C95D /* KuaidulaTests */ = {
			isa = PBXNativeTarget;
			buildConfigurationList = B2FBE6061A5922040055C95D /* Build configuration list for PBXNativeTarget "KuaidulaTests" */;
			buildPhases = (
				B2FBE5F51A5922040055C95D /* Sources */,
				B2FBE5F61A5922040055C95D /* Frameworks */,
				B2FBE5F71A5922040055C95D /* Resources */,
			);
			buildRules = (
			);
			dependencies = (
				B2FBE5FB1A5922040055C95D /* PBXTargetDependency */,
			);
			name = KuaidulaTests;
			productName = KuaidulaTests;
			productReference = B2FBE5F91A5922040055C95D /* KuaidulaTests.xctest */;
			productType = "com.apple.product-type.bundle.unit-test";
		};
/* End PBXNativeTarget section */

/* Begin PBXProject section */
		B2FBE5D91A5922030055C95D /* Project object */ = {
			isa = PBXProject;
			attributes = {
				LastUpgradeCheck = 0610;
				ORGANIZATIONNAME = September;
				TargetAttributes = {
					B2FBE5E01A5922030055C95D = {
						CreatedOnToolsVersion = 6.1.1;
					};
					B2FBE5F81A5922040055C95D = {
						CreatedOnToolsVersion = 6.1.1;
						TestTargetID = B2FBE5E01A5922030055C95D;
					};
				};
			};
			buildConfigurationList = B2FBE5DC1A5922030055C95D /* Build configuration list for PBXProject "Kuaidula" */;
			compatibilityVersion = "Xcode 3.2";
			developmentRegion = English;
			hasScannedForEncodings = 0;
			knownRegions = (
				en,
				Base,
			);
			mainGroup = B2FBE5D81A5922030055C95D;
			productRefGroup = B2FBE5E21A5922030055C95D /* Products */;
			projectDirPath = "";
			projectReferences = (
				{
					ProductGroup = B264F98B1A6FE2AA00D6251C /* Products */;
					ProjectRef = B264F98A1A6FE2AA00D6251C /* Alamofire.xcodeproj */;
				},
			);
			projectRoot = "";
			targets = (
				B2FBE5E01A5922030055C95D /* Kuaidula */,
				B2FBE5F81A5922040055C95D /* KuaidulaTests */,
			);
		};
/* End PBXProject section */

/* Begin PBXReferenceProxy section */
		B264F9911A6FE2AA00D6251C /* Alamofire.framework */ = {
			isa = PBXReferenceProxy;
			fileType = wrapper.framework;
			path = Alamofire.framework;
			remoteRef = B264F9901A6FE2AA00D6251C /* PBXContainerItemProxy */;
			sourceTree = BUILT_PRODUCTS_DIR;
		};
		B264F9931A6FE2AA00D6251C /* Alamofire.framework */ = {
			isa = PBXReferenceProxy;
			fileType = wrapper.framework;
			path = Alamofire.framework;
			remoteRef = B264F9921A6FE2AA00D6251C /* PBXContainerItemProxy */;
			sourceTree = BUILT_PRODUCTS_DIR;
		};
		B264F9951A6FE2AA00D6251C /* AlamofireTests.xctest */ = {
			isa = PBXReferenceProxy;
			fileType = wrapper.cfbundle;
			path = AlamofireTests.xctest;
			remoteRef = B264F9941A6FE2AA00D6251C /* PBXContainerItemProxy */;
			sourceTree = BUILT_PRODUCTS_DIR;
		};
/* End PBXReferenceProxy section */

/* Begin PBXResourcesBuildPhase section */
		B2FBE5DF1A5922030055C95D /* Resources */ = {
			isa = PBXResourcesBuildPhase;
			buildActionMask = 2147483647;
			files = (
				B2FBE5EF1A5922040055C95D /* Main.storyboard in Resources */,
				B2FBE5F41A5922040055C95D /* LaunchScreen.xib in Resources */,
				B26290721A7022C10046E427 /* Settings.bundle in Resources */,
				B2FBE5F11A5922040055C95D /* Images.xcassets in Resources */,
			);
			runOnlyForDeploymentPostprocessing = 0;
		};
		B2FBE5F71A5922040055C95D /* Resources */ = {
			isa = PBXResourcesBuildPhase;
			buildActionMask = 2147483647;
			files = (
			);
			runOnlyForDeploymentPostprocessing = 0;
		};
/* End PBXResourcesBuildPhase section */

/* Begin PBXSourcesBuildPhase section */
		B2FBE5DD1A5922030055C95D /* Sources */ = {
			isa = PBXSourcesBuildPhase;
			buildActionMask = 2147483647;
			files = (
				B23BE8881A6AA93800FA3DB9 /* ArticleOriginalViewController.swift in Sources */,
				B2A4C6F01A6979BE00179A37 /* RightSideTableViewController.swift in Sources */,
				B2F1D22E1A6BACB4006BDE69 /* ArticleTableCell.swift in Sources */,
				B2C58EB31A70406B009C8101 /* ContainerViewController.swift in Sources */,
				B2FBE5EC1A5922040055C95D /* ViewController.swift in Sources */,
				B28568801A6BBB1500883CB7 /* ArticleCommentTableCell.swift in Sources */,
				B2446C8B1A705326003566FE /* TableViewCells.swift in Sources */,
				B29697D41A7033B6003E158B /* LeftSideTableViewController.swift in Sources */,
				B24DA1BC1A6AE641000B3979 /* ArticleCommentViewController.swift in Sources */,
				B2FBE5E71A5922040055C95D /* AppDelegate.swift in Sources */,
				B2B45F061A62C97A00420CBF /* ArticleDetailViewController.swift in Sources */,
				B2FBE5EA1A5922040055C95D /* Kuaidula.xcdatamodeld in Sources */,
			);
			runOnlyForDeploymentPostprocessing = 0;
		};
		B2FBE5F51A5922040055C95D /* Sources */ = {
			isa = PBXSourcesBuildPhase;
			buildActionMask = 2147483647;
			files = (
				B2FBE6001A5922040055C95D /* KuaidulaTests.swift in Sources */,
			);
			runOnlyForDeploymentPostprocessing = 0;
		};
/* End PBXSourcesBuildPhase section */

/* Begin PBXTargetDependency section */
		B264F9971A6FE2D000D6251C /* PBXTargetDependency */ = {
			isa = PBXTargetDependency;
			name = "Alamofire iOS";
			targetProxy = B264F9961A6FE2D000D6251C /* PBXContainerItemProxy */;
		};
		B264F9991A6FE2D200D6251C /* PBXTargetDependency */ = {
			isa = PBXTargetDependency;
			name = AlamofireTests;
			targetProxy = B264F9981A6FE2D200D6251C /* PBXContainerItemProxy */;
		};
		B2FBE5FB1A5922040055C95D /* PBXTargetDependency */ = {
			isa = PBXTargetDependency;
			target = B2FBE5E01A5922030055C95D /* Kuaidula */;
			targetProxy = B2FBE5FA1A5922040055C95D /* PBXContainerItemProxy */;
		};
/* End PBXTargetDependency section */

/* Begin PBXVariantGroup section */
		B2FBE5ED1A5922040055C95D /* Main.storyboard */ = {
			isa = PBXVariantGroup;
			children = (
				B2FBE5EE1A5922040055C95D /* Base */,
			);
			name = Main.storyboard;
			sourceTree = "<group>";
		};
		B2FBE5F21A5922040055C95D /* LaunchScreen.xib */ = {
			isa = PBXVariantGroup;
			children = (
				B2FBE5F31A5922040055C95D /* Base */,
			);
			name = LaunchScreen.xib;
			sourceTree = "<group>";
		};
/* End PBXVariantGroup section */

/* Begin XCBuildConfiguration section */
		B2FBE6011A5922040055C95D /* Debug */ = {
			isa = XCBuildConfiguration;
			buildSettings = {
				ALWAYS_SEARCH_USER_PATHS = NO;
				CLANG_CXX_LANGUAGE_STANDARD = "gnu++0x";
				CLANG_CXX_LIBRARY = "libc++";
				CLANG_ENABLE_MODULES = YES;
				CLANG_ENABLE_OBJC_ARC = YES;
				CLANG_WARN_BOOL_CONVERSION = YES;
				CLANG_WARN_CONSTANT_CONVERSION = YES;
				CLANG_WARN_DIRECT_OBJC_ISA_USAGE = YES_ERROR;
				CLANG_WARN_EMPTY_BODY = YES;
				CLANG_WARN_ENUM_CONVERSION = YES;
				CLANG_WARN_INT_CONVERSION = YES;
				CLANG_WARN_OBJC_ROOT_CLASS = YES_ERROR;
				CLANG_WARN_UNREACHABLE_CODE = YES;
				CLANG_WARN__DUPLICATE_METHOD_MATCH = YES;
				"CODE_SIGN_IDENTITY[sdk=iphoneos*]" = "iPhone Developer";
				COPY_PHASE_STRIP = NO;
				ENABLE_STRICT_OBJC_MSGSEND = YES;
				GCC_C_LANGUAGE_STANDARD = gnu99;
				GCC_DYNAMIC_NO_PIC = NO;
				GCC_OPTIMIZATION_LEVEL = 0;
				GCC_PREPROCESSOR_DEFINITIONS = (
					"DEBUG=1",
					"$(inherited)",
				);
				GCC_SYMBOLS_PRIVATE_EXTERN = NO;
				GCC_WARN_64_TO_32_BIT_CONVERSION = YES;
				GCC_WARN_ABOUT_RETURN_TYPE = YES_ERROR;
				GCC_WARN_UNDECLARED_SELECTOR = YES;
				GCC_WARN_UNINITIALIZED_AUTOS = YES_AGGRESSIVE;
				GCC_WARN_UNUSED_FUNCTION = YES;
				GCC_WARN_UNUSED_VARIABLE = YES;
				IPHONEOS_DEPLOYMENT_TARGET = 8.1;
				MTL_ENABLE_DEBUG_INFO = YES;
				ONLY_ACTIVE_ARCH = YES;
				SDKROOT = iphoneos;
				SWIFT_OPTIMIZATION_LEVEL = "-Onone";
			};
			name = Debug;
		};
		B2FBE6021A5922040055C95D /* Release */ = {
			isa = XCBuildConfiguration;
			buildSettings = {
				ALWAYS_SEARCH_USER_PATHS = NO;
				CLANG_CXX_LANGUAGE_STANDARD = "gnu++0x";
				CLANG_CXX_LIBRARY = "libc++";
				CLANG_ENABLE_MODULES = YES;
				CLANG_ENABLE_OBJC_ARC = YES;
				CLANG_WARN_BOOL_CONVERSION = YES;
				CLANG_WARN_CONSTANT_CONVERSION = YES;
				CLANG_WARN_DIRECT_OBJC_ISA_USAGE = YES_ERROR;
				CLANG_WARN_EMPTY_BODY = YES;
				CLANG_WARN_ENUM_CONVERSION = YES;
				CLANG_WARN_INT_CONVERSION = YES;
				CLANG_WARN_OBJC_ROOT_CLASS = YES_ERROR;
				CLANG_WARN_UNREACHABLE_CODE = YES;
				CLANG_WARN__DUPLICATE_METHOD_MATCH = YES;
				"CODE_SIGN_IDENTITY[sdk=iphoneos*]" = "iPhone Developer";
				COPY_PHASE_STRIP = YES;
				ENABLE_NS_ASSERTIONS = NO;
				ENABLE_STRICT_OBJC_MSGSEND = YES;
				GCC_C_LANGUAGE_STANDARD = gnu99;
				GCC_WARN_64_TO_32_BIT_CONVERSION = YES;
				GCC_WARN_ABOUT_RETURN_TYPE = YES_ERROR;
				GCC_WARN_UNDECLARED_SELECTOR = YES;
				GCC_WARN_UNINITIALIZED_AUTOS = YES_AGGRESSIVE;
				GCC_WARN_UNUSED_FUNCTION = YES;
				GCC_WARN_UNUSED_VARIABLE = YES;
				IPHONEOS_DEPLOYMENT_TARGET = 8.1;
				MTL_ENABLE_DEBUG_INFO = NO;
				SDKROOT = iphoneos;
				VALIDATE_PRODUCT = YES;
			};
			name = Release;
		};
		B2FBE6041A5922040055C95D /* Debug */ = {
			isa = XCBuildConfiguration;
			buildSettings = {
				ASSETCATALOG_COMPILER_APPICON_NAME = AppIcon;
				CLANG_ENABLE_MODULES = YES;
				INFOPLIST_FILE = Kuaidula/Info.plist;
				IPHONEOS_DEPLOYMENT_TARGET = 7.0;
				LD_RUNPATH_SEARCH_PATHS = "$(inherited) @executable_path/Frameworks";
				PRODUCT_NAME = "$(TARGET_NAME)";
				SWIFT_OBJC_BRIDGING_HEADER = "Kuaidula/Kuaidula-Bridging-Header.h";
				SWIFT_OPTIMIZATION_LEVEL = "-Onone";
				TARGETED_DEVICE_FAMILY = "1,2";
			};
			name = Debug;
		};
		B2FBE6051A5922040055C95D /* Release */ = {
			isa = XCBuildConfiguration;
			buildSettings = {
				ASSETCATALOG_COMPILER_APPICON_NAME = AppIcon;
				CLANG_ENABLE_MODULES = YES;
				INFOPLIST_FILE = Kuaidula/Info.plist;
				IPHONEOS_DEPLOYMENT_TARGET = 7.0;
				LD_RUNPATH_SEARCH_PATHS = "$(inherited) @executable_path/Frameworks";
				PRODUCT_NAME = "$(TARGET_NAME)";
				SWIFT_OBJC_BRIDGING_HEADER = "Kuaidula/Kuaidula-Bridging-Header.h";
				TARGETED_DEVICE_FAMILY = "1,2";
			};
			name = Release;
		};
		B2FBE6071A5922040055C95D /* Debug */ = {
			isa = XCBuildConfiguration;
			buildSettings = {
				BUNDLE_LOADER = "$(TEST_HOST)";
				FRAMEWORK_SEARCH_PATHS = (
					"$(SDKROOT)/Developer/Library/Frameworks",
					"$(inherited)",
				);
				GCC_PREPROCESSOR_DEFINITIONS = (
					"DEBUG=1",
					"$(inherited)",
				);
				INFOPLIST_FILE = KuaidulaTests/Info.plist;
				LD_RUNPATH_SEARCH_PATHS = "$(inherited) @executable_path/Frameworks @loader_path/Frameworks";
				PRODUCT_NAME = "$(TARGET_NAME)";
				TEST_HOST = "$(BUILT_PRODUCTS_DIR)/Kuaidula.app/Kuaidula";
			};
			name = Debug;
		};
		B2FBE6081A5922040055C95D /* Release */ = {
			isa = XCBuildConfiguration;
			buildSettings = {
				BUNDLE_LOADER = "$(TEST_HOST)";
				FRAMEWORK_SEARCH_PATHS = (
					"$(SDKROOT)/Developer/Library/Frameworks",
					"$(inherited)",
				);
				INFOPLIST_FILE = KuaidulaTests/Info.plist;
				LD_RUNPATH_SEARCH_PATHS = "$(inherited) @executable_path/Frameworks @loader_path/Frameworks";
				PRODUCT_NAME = "$(TARGET_NAME)";
				TEST_HOST = "$(BUILT_PRODUCTS_DIR)/Kuaidula.app/Kuaidula";
			};
			name = Release;
		};
/* End XCBuildConfiguration section */

/* Begin XCConfigurationList section */
		B2FBE5DC1A5922030055C95D /* Build configuration list for PBXProject "Kuaidula" */ = {
			isa = XCConfigurationList;
			buildConfigurations = (
				B2FBE6011A5922040055C95D /* Debug */,
				B2FBE6021A5922040055C95D /* Release */,
			);
			defaultConfigurationIsVisible = 0;
			defaultConfigurationName = Release;
		};
		B2FBE6031A5922040055C95D /* Build configuration list for PBXNativeTarget "Kuaidula" */ = {
			isa = XCConfigurationList;
			buildConfigurations = (
				B2FBE6041A5922040055C95D /* Debug */,
				B2FBE6051A5922040055C95D /* Release */,
			);
			defaultConfigurationIsVisible = 0;
			defaultConfigurationName = Release;
		};
		B2FBE6061A5922040055C95D /* Build configuration list for PBXNativeTarget "KuaidulaTests" */ = {
			isa = XCConfigurationList;
			buildConfigurations = (
				B2FBE6071A5922040055C95D /* Debug */,
				B2FBE6081A5922040055C95D /* Release */,
			);
			defaultConfigurationIsVisible = 0;
			defaultConfigurationName = Release;
		};
/* End XCConfigurationList section */

/* Begin XCVersionGroup section */
		B2FBE5E81A5922040055C95D /* Kuaidula.xcdatamodeld */ = {
			isa = XCVersionGroup;
			children = (
				B27D0A2B1A71F25300E4364C /* 2-add_read.xcdatamodel */,
				B2FBE5E91A5922040055C95D /* Kuaidula.xcdatamodel */,
			);
			currentVersion = B2FBE5E91A5922040055C95D /* Kuaidula.xcdatamodel */;
			path = Kuaidula.xcdatamodeld;
			sourceTree = "<group>";
			versionGroupType = wrapper.xcdatamodel;
		};
/* End XCVersionGroup section */
	};
	rootObject = B2FBE5D91A5922030055C95D /* Project object */;
}
